
Microsoft Visual Studio Solution File, Format Version 12.00
# Visual Studio Version 17
VisualStudioVersion = 17.4.33122.133
MinimumVisualStudioVersion = 10.0.40219.1
Project("{9A19103F-16F7-4668-BE54-9A1E7A4F7556}") = "ProtoPromiseTests", "ProtoPromiseTests\ProtoPromiseTests.csproj", "{27C1B5AC-2E73-4B91-8258-C67B4B064569}"
EndProject
Project("{9A19103F-16F7-4668-BE54-9A1E7A4F7556}") = "ProtoPromise", "ProtoPromise\ProtoPromise.csproj", "{2A0BBD14-FA01-467C-8A42-55C5C287F66D}"
EndProject
Project("{9A19103F-16F7-4668-BE54-9A1E7A4F7556}") = "ProtoPromiseUnityHelpers", "ProtoPromiseUnityHelpers\ProtoPromiseUnityHelpers.csproj", "{5B1E6550-0342-4240-AF91-F8059F84BF67}"
EndProject
Project("{2150E333-8FDC-42A3-9474-1A3956D46DE8}") = "Solution Items", "Solution Items", "{9790CDFB-EFE9-4657-9F36-577112C30BE5}"
	ProjectSection(SolutionItems) = preProject
		Package\CHANGELOG.md = Package\CHANGELOG.md
		DeveloperNotes.txt = DeveloperNotes.txt
		Package\package.json = Package\package.json
		Package\README.md = Package\README.md
	EndProjectSection
EndProject
Project("{FAE04EC0-301F-11D3-BF4B-00C04F79EFBC}") = "ProtoPromise.Analyzer", "ProtoPromise.Analyzer\ProtoPromise.Analyzer\ProtoPromise.Analyzer.csproj", "{B932E015-4D00-49FE-AA00-CEA4FB9EAEF9}"
EndProject
Project("{FAE04EC0-301F-11D3-BF4B-00C04F79EFBC}") = "ProtoPromise.Analyzer.Package", "ProtoPromise.Analyzer\ProtoPromise.Analyzer.Package\ProtoPromise.Analyzer.Package.csproj", "{3701C4D5-3C90-4AD5-B2EE-53B96AC05090}"
EndProject
Project("{FAE04EC0-301F-11D3-BF4B-00C04F79EFBC}") = "ProtoPromise.Analyzer.Test", "ProtoPromise.Analyzer\ProtoPromise.Analyzer.Test\ProtoPromise.Analyzer.Test.csproj", "{F978509B-1313-4EBE-88EF-D88DE4E30DFA}"
EndProject
Global
	GlobalSection(SolutionConfigurationPlatforms) = preSolution
		Debug_NoProgress|Any CPU = Debug_NoProgress|Any CPU
		Debug|Any CPU = Debug|Any CPU
		Release_NoProgress|Any CPU = Release_NoProgress|Any CPU
		Release|Any CPU = Release|Any CPU
	EndGlobalSection
	GlobalSection(ProjectConfigurationPlatforms) = postSolution
		{27C1B5AC-2E73-4B91-8258-C67B4B064569}.Debug_NoProgress|Any CPU.ActiveCfg = Debug_NoProgress|Any CPU
		{27C1B5AC-2E73-4B91-8258-C67B4B064569}.Debug_NoProgress|Any CPU.Build.0 = Debug_NoProgress|Any CPU
		{27C1B5AC-2E73-4B91-8258-C67B4B064569}.Debug|Any CPU.ActiveCfg = Debug|Any CPU
		{27C1B5AC-2E73-4B91-8258-C67B4B064569}.Debug|Any CPU.Build.0 = Debug|Any CPU
		{27C1B5AC-2E73-4B91-8258-C67B4B064569}.Release_NoProgress|Any CPU.ActiveCfg = Release_NoProgress|Any CPU
		{27C1B5AC-2E73-4B91-8258-C67B4B064569}.Release_NoProgress|Any CPU.Build.0 = Release_NoProgress|Any CPU
		{27C1B5AC-2E73-4B91-8258-C67B4B064569}.Release|Any CPU.ActiveCfg = Release|Any CPU
		{27C1B5AC-2E73-4B91-8258-C67B4B064569}.Release|Any CPU.Build.0 = Release|Any CPU
		{2A0BBD14-FA01-467C-8A42-55C5C287F66D}.Debug_NoProgress|Any CPU.ActiveCfg = Debug_NoProgress|Any CPU
		{2A0BBD14-FA01-467C-8A42-55C5C287F66D}.Debug_NoProgress|Any CPU.Build.0 = Debug_NoProgress|Any CPU
		{2A0BBD14-FA01-467C-8A42-55C5C287F66D}.Debug|Any CPU.ActiveCfg = Debug|Any CPU
		{2A0BBD14-FA01-467C-8A42-55C5C287F66D}.Debug|Any CPU.Build.0 = Debug|Any CPU
		{2A0BBD14-FA01-467C-8A42-55C5C287F66D}.Release_NoProgress|Any CPU.ActiveCfg = Release_NoProgress|Any CPU
		{2A0BBD14-FA01-467C-8A42-55C5C287F66D}.Release_NoProgress|Any CPU.Build.0 = Release_NoProgress|Any CPU
		{2A0BBD14-FA01-467C-8A42-55C5C287F66D}.Release|Any CPU.ActiveCfg = Release|Any CPU
		{2A0BBD14-FA01-467C-8A42-55C5C287F66D}.Release|Any CPU.Build.0 = Release|Any CPU
		{5B1E6550-0342-4240-AF91-F8059F84BF67}.Debug_NoProgress|Any CPU.ActiveCfg = Debug|Any CPU
		{5B1E6550-0342-4240-AF91-F8059F84BF67}.Debug_NoProgress|Any CPU.Build.0 = Debug|Any CPU
		{5B1E6550-0342-4240-AF91-F8059F84BF67}.Debug|Any CPU.ActiveCfg = Debug|Any CPU
		{5B1E6550-0342-4240-AF91-F8059F84BF67}.Debug|Any CPU.Build.0 = Debug|Any CPU
		{5B1E6550-0342-4240-AF91-F8059F84BF67}.Release_NoProgress|Any CPU.ActiveCfg = Release|Any CPU
		{5B1E6550-0342-4240-AF91-F8059F84BF67}.Release_NoProgress|Any CPU.Build.0 = Release|Any CPU
		{5B1E6550-0342-4240-AF91-F8059F84BF67}.Release|Any CPU.ActiveCfg = Release|Any CPU
		{5B1E6550-0342-4240-AF91-F8059F84BF67}.Release|Any CPU.Build.0 = Release|Any CPU
		{B932E015-4D00-49FE-AA00-CEA4FB9EAEF9}.Debug_NoProgress|Any CPU.ActiveCfg = Debug|Any CPU
		{B932E015-4D00-49FE-AA00-CEA4FB9EAEF9}.Debug_NoProgress|Any CPU.Build.0 = Debug|Any CPU
		{B932E015-4D00-49FE-AA00-CEA4FB9EAEF9}.Debug|Any CPU.ActiveCfg = Debug|Any CPU
		{B932E015-4D00-49FE-AA00-CEA4FB9EAEF9}.Debug|Any CPU.Build.0 = Debug|Any CPU
		{B932E015-4D00-49FE-AA00-CEA4FB9EAEF9}.Release_NoProgress|Any CPU.ActiveCfg = Release|Any CPU
		{B932E015-4D00-49FE-AA00-CEA4FB9EAEF9}.Release_NoProgress|Any CPU.Build.0 = Release|Any CPU
		{B932E015-4D00-49FE-AA00-CEA4FB9EAEF9}.Release|Any CPU.ActiveCfg = Release|Any CPU
		{B932E015-4D00-49FE-AA00-CEA4FB9EAEF9}.Release|Any CPU.Build.0 = Release|Any CPU
		{3701C4D5-3C90-4AD5-B2EE-53B96AC05090}.Debug_NoProgress|Any CPU.ActiveCfg = Debug|Any CPU
		{3701C4D5-3C90-4AD5-B2EE-53B96AC05090}.Debug_NoProgress|Any CPU.Build.0 = Debug|Any CPU
		{3701C4D5-3C90-4AD5-B2EE-53B96AC05090}.Debug|Any CPU.ActiveCfg = Debug|Any CPU
		{3701C4D5-3C90-4AD5-B2EE-53B96AC05090}.Debug|Any CPU.Build.0 = Debug|Any CPU
		{3701C4D5-3C90-4AD5-B2EE-53B96AC05090}.Release_NoProgress|Any CPU.ActiveCfg = Release|Any CPU
		{3701C4D5-3C90-4AD5-B2EE-53B96AC05090}.Release_NoProgress|Any CPU.Build.0 = Release|Any CPU
		{3701C4D5-3C90-4AD5-B2EE-53B96AC05090}.Release|Any CPU.ActiveCfg = Release|Any CPU
		{3701C4D5-3C90-4AD5-B2EE-53B96AC05090}.Release|Any CPU.Build.0 = Release|Any CPU
		{F978509B-1313-4EBE-88EF-D88DE4E30DFA}.Debug_NoProgress|Any CPU.ActiveCfg = Debug|Any CPU
		{F978509B-1313-4EBE-88EF-D88DE4E30DFA}.Debug_NoProgress|Any CPU.Build.0 = Debug|Any CPU
		{F978509B-1313-4EBE-88EF-D88DE4E30DFA}.Debug|Any CPU.ActiveCfg = Debug|Any CPU
		{F978509B-1313-4EBE-88EF-D88DE4E30DFA}.Debug|Any CPU.Build.0 = Debug|Any CPU
		{F978509B-1313-4EBE-88EF-D88DE4E30DFA}.Release_NoProgress|Any CPU.ActiveCfg = Release|Any CPU
		{F978509B-1313-4EBE-88EF-D88DE4E30DFA}.Release_NoProgress|Any CPU.Build.0 = Release|Any CPU
		{F978509B-1313-4EBE-88EF-D88DE4E30DFA}.Release|Any CPU.ActiveCfg = Release|Any CPU
		{F978509B-1313-4EBE-88EF-D88DE4E30DFA}.Release|Any CPU.Build.0 = Release|Any CPU
	EndGlobalSection
	GlobalSection(SolutionProperties) = preSolution
		HideSolutionNode = FALSE
	EndGlobalSection
	GlobalSection(ExtensibilityGlobals) = postSolution
		SolutionGuid = {F0A3E32B-A74C-40A9-A0D7-0E1BE536226B}
	EndGlobalSection
EndGlobal
